{
    "version": 3,
    "terraform_version": "0.11.4",
    "serial": 17,
    "lineage": "1f2426fc-b77d-d614-19ce-c34d33e3615f",
    "modules": [
        {
            "path": [
                "root"
            ],
            "outputs": {
                "asg_name_consul_servers": {
                    "sensitive": false,
                    "type": "string",
                    "value": "tf-asg-2018032821445098710000000e"
                },
                "asg_name_nomad_clients": {
                    "sensitive": false,
                    "type": "string",
                    "value": "tf-asg-2018032821444785950000000c"
                },
                "asg_name_nomad_servers": {
                    "sensitive": false,
                    "type": "string",
                    "value": "tf-asg-2018032821445520940000000f"
                },
                "aws_region": {
                    "sensitive": false,
                    "type": "string",
                    "value": "us-east-1"
                },
                "iam_role_arn_consul_servers": {
                    "sensitive": false,
                    "type": "string",
                    "value": "arn:aws:iam::885799518700:role/consul-example-server20180328214416827700000001"
                },
                "iam_role_arn_nomad_clients": {
                    "sensitive": false,
                    "type": "string",
                    "value": "arn:aws:iam::885799518700:role/nomad-example-client20180328214416827700000002"
                },
                "iam_role_arn_nomad_servers": {
                    "sensitive": false,
                    "type": "string",
                    "value": "arn:aws:iam::885799518700:role/nomad-example-server20180328214416827700000003"
                },
                "iam_role_id_consul_servers": {
                    "sensitive": false,
                    "type": "string",
                    "value": "consul-example-server20180328214416827700000001"
                },
                "iam_role_id_nomad_clients": {
                    "sensitive": false,
                    "type": "string",
                    "value": "nomad-example-client20180328214416827700000002"
                },
                "iam_role_id_nomad_servers": {
                    "sensitive": false,
                    "type": "string",
                    "value": "nomad-example-server20180328214416827700000003"
                },
                "launch_config_name_consul_servers": {
                    "sensitive": false,
                    "type": "string",
                    "value": "consul-example-server-2018032821442807080000000b"
                },
                "launch_config_name_nomad_clients": {
                    "sensitive": false,
                    "type": "string",
                    "value": "nomad-example-client-2018032821442759310000000a"
                },
                "launch_config_name_nomad_servers": {
                    "sensitive": false,
                    "type": "string",
                    "value": "nomad-example-server-2018032821444972950000000d"
                },
                "nomad_servers_cluster_tag_key": {
                    "sensitive": false,
                    "type": "string",
                    "value": "nomad-servers"
                },
                "nomad_servers_cluster_tag_value": {
                    "sensitive": false,
                    "type": "string",
                    "value": "nomad-example-server"
                },
                "num_consul_servers": {
                    "sensitive": false,
                    "type": "string",
                    "value": "3"
                },
                "num_nomad_clients": {
                    "sensitive": false,
                    "type": "string",
                    "value": "6"
                },
                "num_nomad_servers": {
                    "sensitive": false,
                    "type": "string",
                    "value": "3"
                },
                "security_group_id_consul_servers": {
                    "sensitive": false,
                    "type": "string",
                    "value": "sg-79c4fa0f"
                },
                "security_group_id_nomad_clients": {
                    "sensitive": false,
                    "type": "string",
                    "value": "sg-9ec1ffe8"
                },
                "security_group_id_nomad_servers": {
                    "sensitive": false,
                    "type": "string",
                    "value": "sg-fbba848d"
                }
            },
            "resources": {
                "data.aws_ami.nomad_consul": {
                    "type": "aws_ami",
                    "depends_on": [],
                    "primary": {
                        "id": "ami-f0b389e6",
                        "attributes": {
                            "architecture": "x86_64",
                            "block_device_mappings.#": "3",
                            "block_device_mappings.1634610537.device_name": "/dev/sdb",
                            "block_device_mappings.1634610537.ebs.%": "0",
                            "block_device_mappings.1634610537.no_device": "",
                            "block_device_mappings.1634610537.virtual_name": "ephemeral0",
                            "block_device_mappings.2547816212.device_name": "/dev/sda1",
                            "block_device_mappings.2547816212.ebs.%": "6",
                            "block_device_mappings.2547816212.ebs.delete_on_termination": "true",
                            "block_device_mappings.2547816212.ebs.encrypted": "false",
                            "block_device_mappings.2547816212.ebs.iops": "0",
                            "block_device_mappings.2547816212.ebs.snapshot_id": "snap-04b41b1d77bff8ba3",
                            "block_device_mappings.2547816212.ebs.volume_size": "8",
                            "block_device_mappings.2547816212.ebs.volume_type": "gp2",
                            "block_device_mappings.2547816212.no_device": "",
                            "block_device_mappings.2547816212.virtual_name": "",
                            "block_device_mappings.3850042718.device_name": "/dev/sdc",
                            "block_device_mappings.3850042718.ebs.%": "0",
                            "block_device_mappings.3850042718.no_device": "",
                            "block_device_mappings.3850042718.virtual_name": "ephemeral1",
                            "creation_date": "2017-07-05T21:06:57.000Z",
                            "description": "An Ubuntu 16.04 AMI that has Nomad and Consul installed.",
                            "filter.#": "3",
                            "filter.2124531302.name": "name",
                            "filter.2124531302.values.#": "1",
                            "filter.2124531302.values.0": "nomad-consul-ubuntu-*",
                            "filter.4034669764.name": "is-public",
                            "filter.4034669764.values.#": "1",
                            "filter.4034669764.values.0": "true",
                            "filter.490168357.name": "virtualization-type",
                            "filter.490168357.values.#": "1",
                            "filter.490168357.values.0": "hvm",
                            "hypervisor": "xen",
                            "id": "ami-f0b389e6",
                            "image_id": "ami-f0b389e6",
                            "image_location": "562637147889/nomad-consul-ubuntu-2017-07-05T21-03-59Z",
                            "image_type": "machine",
                            "most_recent": "true",
                            "name": "nomad-consul-ubuntu-2017-07-05T21-03-59Z",
                            "owner_id": "562637147889",
                            "owners.#": "1",
                            "owners.0": "562637147889",
                            "product_codes.#": "0",
                            "public": "true",
                            "root_device_name": "/dev/sda1",
                            "root_device_type": "ebs",
                            "root_snapshot_id": "snap-04b41b1d77bff8ba3",
                            "sriov_net_support": "simple",
                            "state": "available",
                            "state_reason.%": "2",
                            "state_reason.code": "UNSET",
                            "state_reason.message": "UNSET",
                            "tags.%": "0",
                            "virtualization_type": "hvm"
                        },
                        "meta": {},
                        "tainted": false
                    },
                    "deposed": [],
                    "provider": "provider.aws"
                },
                "data.aws_subnet_ids.default": {
                    "type": "aws_subnet_ids",
                    "depends_on": [
                        "data.aws_vpc.default"
                    ],
                    "primary": {
                        "id": "vpc-49c3562e",
                        "attributes": {
                            "id": "vpc-49c3562e",
                            "ids.#": "6",
                            "ids.1559054723": "subnet-5bd8ed03",
                            "ids.17247810": "subnet-9ba4c497",
                            "ids.1903168136": "subnet-ff5d77d5",
                            "ids.2188355217": "subnet-6fd4a00a",
                            "ids.2628142429": "subnet-e42121d9",
                            "ids.3779792147": "subnet-df4953a9",
                            "vpc_id": "vpc-49c3562e"
                        },
                        "meta": {},
                        "tainted": false
                    },
                    "deposed": [],
                    "provider": "provider.aws"
                },
                "data.aws_vpc.default": {
                    "type": "aws_vpc",
                    "depends_on": [],
                    "primary": {
                        "id": "vpc-49c3562e",
                        "attributes": {
                            "cidr_block": "172.31.0.0/16",
                            "default": "true",
                            "dhcp_options_id": "dopt-d0ac1ab4",
                            "enable_dns_hostnames": "true",
                            "enable_dns_support": "true",
                            "id": "vpc-49c3562e",
                            "instance_tenancy": "default",
                            "state": "available",
                            "tags.%": "0"
                        },
                        "meta": {},
                        "tainted": false
                    },
                    "deposed": [],
                    "provider": "provider.aws"
                },
                "data.template_file.user_data_consul_server": {
                    "type": "template_file",
                    "depends_on": [],
                    "primary": {
                        "id": "2f2ad09c838802ee0c279e060b243bdf31ef3b2323b9f58d1edd57e8896fe8e6",
                        "attributes": {
                            "id": "2f2ad09c838802ee0c279e060b243bdf31ef3b2323b9f58d1edd57e8896fe8e6",
                            "rendered": "#!/bin/bash\n# This script is meant to be run in the User Data of each EC2 Instance while it's booting. The script uses the\n# run-consul script to configure and start Consul in server mode. Note that this script assumes it's running in an AMI\n# built from the Packer template in examples/consul-ami/consul.json in the Consul AWS Module.\n\nset -e\n\n# Send the log output from this script to user-data.log, syslog, and the console\n# From: https://alestic.com/2010/12/ec2-user-data-output/\nexec \u003e \u003e(tee /var/log/user-data.log|logger -t user-data -s 2\u003e/dev/console) 2\u003e\u00261\n\n# These variables are passed in via Terraform template interplation\n/opt/consul/bin/run-consul --server --cluster-tag-key \"consul-servers\" --cluster-tag-value \"consul-example\"",
                            "template": "#!/bin/bash\n# This script is meant to be run in the User Data of each EC2 Instance while it's booting. The script uses the\n# run-consul script to configure and start Consul in server mode. Note that this script assumes it's running in an AMI\n# built from the Packer template in examples/consul-ami/consul.json in the Consul AWS Module.\n\nset -e\n\n# Send the log output from this script to user-data.log, syslog, and the console\n# From: https://alestic.com/2010/12/ec2-user-data-output/\nexec \u003e \u003e(tee /var/log/user-data.log|logger -t user-data -s 2\u003e/dev/console) 2\u003e\u00261\n\n# These variables are passed in via Terraform template interplation\n/opt/consul/bin/run-consul --server --cluster-tag-key \"${cluster_tag_key}\" --cluster-tag-value \"${cluster_tag_value}\"",
                            "vars.%": "2",
                            "vars.cluster_tag_key": "consul-servers",
                            "vars.cluster_tag_value": "consul-example"
                        },
                        "meta": {},
                        "tainted": false
                    },
                    "deposed": [],
                    "provider": "provider.template"
                },
                "data.template_file.user_data_nomad_client": {
                    "type": "template_file",
                    "depends_on": [],
                    "primary": {
                        "id": "793c5cf2d4bfb13873ee31f5e329cc5ab8b9404a774e7154274c7c70d97b8210",
                        "attributes": {
                            "id": "793c5cf2d4bfb13873ee31f5e329cc5ab8b9404a774e7154274c7c70d97b8210",
                            "rendered": "#!/bin/bash\n# This script is meant to be run in the User Data of each EC2 Instance while it's booting. The script uses the\n# run-consul script to configure and start Consul in client mode and the run-nomad script to configure and start Nomad\n# in client mode. Note that this script assumes it's running in an AMI built from the Packer template in\n# examples/nomad-consul-ami/nomad-consul.json.\n\nset -e\n\n# Send the log output from this script to user-data.log, syslog, and the console\n# From: https://alestic.com/2010/12/ec2-user-data-output/\nexec \u003e \u003e(tee /var/log/user-data.log|logger -t user-data -s 2\u003e/dev/console) 2\u003e\u00261\n\n# These variables are passed in via Terraform template interplation\n/opt/consul/bin/run-consul --client --cluster-tag-key \"consul-servers\" --cluster-tag-value \"consul-example\"\n/opt/nomad/bin/run-nomad --client\n\n",
                            "template": "#!/bin/bash\n# This script is meant to be run in the User Data of each EC2 Instance while it's booting. The script uses the\n# run-consul script to configure and start Consul in client mode and the run-nomad script to configure and start Nomad\n# in client mode. Note that this script assumes it's running in an AMI built from the Packer template in\n# examples/nomad-consul-ami/nomad-consul.json.\n\nset -e\n\n# Send the log output from this script to user-data.log, syslog, and the console\n# From: https://alestic.com/2010/12/ec2-user-data-output/\nexec \u003e \u003e(tee /var/log/user-data.log|logger -t user-data -s 2\u003e/dev/console) 2\u003e\u00261\n\n# These variables are passed in via Terraform template interplation\n/opt/consul/bin/run-consul --client --cluster-tag-key \"${cluster_tag_key}\" --cluster-tag-value \"${cluster_tag_value}\"\n/opt/nomad/bin/run-nomad --client\n\n",
                            "vars.%": "2",
                            "vars.cluster_tag_key": "consul-servers",
                            "vars.cluster_tag_value": "consul-example"
                        },
                        "meta": {},
                        "tainted": false
                    },
                    "deposed": [],
                    "provider": "provider.template"
                },
                "data.template_file.user_data_nomad_server": {
                    "type": "template_file",
                    "depends_on": [],
                    "primary": {
                        "id": "07264ca2e623a2b424f803e38b58cad2d4b99a5718ac5c08e83f0368a0bd44eb",
                        "attributes": {
                            "id": "07264ca2e623a2b424f803e38b58cad2d4b99a5718ac5c08e83f0368a0bd44eb",
                            "rendered": "#!/bin/bash\n# This script is meant to be run in the User Data of each EC2 Instance while it's booting. The script uses the\n# run-consul script to configure and start Consul in client mode and then the run-nomad script to configure and start\n# Nomad in server mode. Note that this script assumes it's running in an AMI built from the Packer template in\n# examples/nomad-consul-ami/nomad-consul.json.\n\nset -e\n\n# Send the log output from this script to user-data.log, syslog, and the console\n# From: https://alestic.com/2010/12/ec2-user-data-output/\nexec \u003e \u003e(tee /var/log/user-data.log|logger -t user-data -s 2\u003e/dev/console) 2\u003e\u00261\n\n/opt/consul/bin/run-consul --client --cluster-tag-key \"consul-servers\" --cluster-tag-value \"consul-example\"\n/opt/nomad/bin/run-nomad --server --num-servers \"3\"",
                            "template": "#!/bin/bash\n# This script is meant to be run in the User Data of each EC2 Instance while it's booting. The script uses the\n# run-consul script to configure and start Consul in client mode and then the run-nomad script to configure and start\n# Nomad in server mode. Note that this script assumes it's running in an AMI built from the Packer template in\n# examples/nomad-consul-ami/nomad-consul.json.\n\nset -e\n\n# Send the log output from this script to user-data.log, syslog, and the console\n# From: https://alestic.com/2010/12/ec2-user-data-output/\nexec \u003e \u003e(tee /var/log/user-data.log|logger -t user-data -s 2\u003e/dev/console) 2\u003e\u00261\n\n/opt/consul/bin/run-consul --client --cluster-tag-key \"${cluster_tag_key}\" --cluster-tag-value \"${cluster_tag_value}\"\n/opt/nomad/bin/run-nomad --server --num-servers \"${num_servers}\"",
                            "vars.%": "3",
                            "vars.cluster_tag_key": "consul-servers",
                            "vars.cluster_tag_value": "consul-example",
                            "vars.num_servers": "3"
                        },
                        "meta": {},
                        "tainted": false
                    },
                    "deposed": [],
                    "provider": "provider.template"
                }
            },
            "depends_on": []
        },
        {
            "path": [
                "root",
                "consul_iam_policies_clients"
            ],
            "outputs": {},
            "resources": {
                "aws_iam_role_policy.auto_discover_cluster": {
                    "type": "aws_iam_role_policy",
                    "depends_on": [
                        "data.aws_iam_policy_document.auto_discover_cluster"
                    ],
                    "primary": {
                        "id": "nomad-example-client20180328214416827700000002:auto-discover-cluster",
                        "attributes": {
                            "id": "nomad-example-client20180328214416827700000002:auto-discover-cluster",
                            "name": "auto-discover-cluster",
                            "policy": "{\n  \"Version\": \"2012-10-17\",\n  \"Statement\": [\n    {\n      \"Sid\": \"\",\n      \"Effect\": \"Allow\",\n      \"Action\": [\n        \"ec2:DescribeTags\",\n        \"ec2:DescribeInstances\",\n        \"autoscaling:DescribeAutoScalingGroups\"\n      ],\n      \"Resource\": \"*\"\n    }\n  ]\n}",
                            "role": "nomad-example-client20180328214416827700000002"
                        },
                        "meta": {},
                        "tainted": false
                    },
                    "deposed": [],
                    "provider": "provider.aws"
                },
                "data.aws_iam_policy_document.auto_discover_cluster": {
                    "type": "aws_iam_policy_document",
                    "depends_on": [],
                    "primary": {
                        "id": "2069168386",
                        "attributes": {
                            "id": "2069168386",
                            "json": "{\n  \"Version\": \"2012-10-17\",\n  \"Statement\": [\n    {\n      \"Sid\": \"\",\n      \"Effect\": \"Allow\",\n      \"Action\": [\n        \"ec2:DescribeTags\",\n        \"ec2:DescribeInstances\",\n        \"autoscaling:DescribeAutoScalingGroups\"\n      ],\n      \"Resource\": \"*\"\n    }\n  ]\n}",
                            "statement.#": "1",
                            "statement.0.actions.#": "3",
                            "statement.0.actions.1274732150": "autoscaling:DescribeAutoScalingGroups",
                            "statement.0.actions.3466923763": "ec2:DescribeInstances",
                            "statement.0.actions.810672830": "ec2:DescribeTags",
                            "statement.0.condition.#": "0",
                            "statement.0.effect": "Allow",
                            "statement.0.not_actions.#": "0",
                            "statement.0.not_principals.#": "0",
                            "statement.0.not_resources.#": "0",
                            "statement.0.principals.#": "0",
                            "statement.0.resources.#": "1",
                            "statement.0.resources.2679715827": "*",
                            "statement.0.sid": ""
                        },
                        "meta": {},
                        "tainted": false
                    },
                    "deposed": [],
                    "provider": "provider.aws"
                }
            },
            "depends_on": []
        },
        {
            "path": [
                "root",
                "consul_iam_policies_servers"
            ],
            "outputs": {},
            "resources": {
                "aws_iam_role_policy.auto_discover_cluster": {
                    "type": "aws_iam_role_policy",
                    "depends_on": [
                        "data.aws_iam_policy_document.auto_discover_cluster"
                    ],
                    "primary": {
                        "id": "nomad-example-server20180328214416827700000003:auto-discover-cluster",
                        "attributes": {
                            "id": "nomad-example-server20180328214416827700000003:auto-discover-cluster",
                            "name": "auto-discover-cluster",
                            "policy": "{\n  \"Version\": \"2012-10-17\",\n  \"Statement\": [\n    {\n      \"Sid\": \"\",\n      \"Effect\": \"Allow\",\n      \"Action\": [\n        \"ec2:DescribeTags\",\n        \"ec2:DescribeInstances\",\n        \"autoscaling:DescribeAutoScalingGroups\"\n      ],\n      \"Resource\": \"*\"\n    }\n  ]\n}",
                            "role": "nomad-example-server20180328214416827700000003"
                        },
                        "meta": {},
                        "tainted": false
                    },
                    "deposed": [],
                    "provider": "provider.aws"
                },
                "data.aws_iam_policy_document.auto_discover_cluster": {
                    "type": "aws_iam_policy_document",
                    "depends_on": [],
                    "primary": {
                        "id": "2069168386",
                        "attributes": {
                            "id": "2069168386",
                            "json": "{\n  \"Version\": \"2012-10-17\",\n  \"Statement\": [\n    {\n      \"Sid\": \"\",\n      \"Effect\": \"Allow\",\n      \"Action\": [\n        \"ec2:DescribeTags\",\n        \"ec2:DescribeInstances\",\n        \"autoscaling:DescribeAutoScalingGroups\"\n      ],\n      \"Resource\": \"*\"\n    }\n  ]\n}",
                            "statement.#": "1",
                            "statement.0.actions.#": "3",
                            "statement.0.actions.1274732150": "autoscaling:DescribeAutoScalingGroups",
                            "statement.0.actions.3466923763": "ec2:DescribeInstances",
                            "statement.0.actions.810672830": "ec2:DescribeTags",
                            "statement.0.condition.#": "0",
                            "statement.0.effect": "Allow",
                            "statement.0.not_actions.#": "0",
                            "statement.0.not_principals.#": "0",
                            "statement.0.not_resources.#": "0",
                            "statement.0.principals.#": "0",
                            "statement.0.resources.#": "1",
                            "statement.0.resources.2679715827": "*",
                            "statement.0.sid": ""
                        },
                        "meta": {},
                        "tainted": false
                    },
                    "deposed": [],
                    "provider": "provider.aws"
                }
            },
            "depends_on": []
        },
        {
            "path": [
                "root",
                "consul_servers"
            ],
            "outputs": {
                "asg_name": {
                    "sensitive": false,
                    "type": "string",
                    "value": "tf-asg-2018032821445098710000000e"
                },
                "cluster_size": {
                    "sensitive": false,
                    "type": "string",
                    "value": "3"
                },
                "cluster_tag_key": {
                    "sensitive": false,
                    "type": "string",
                    "value": "consul-servers"
                },
                "cluster_tag_value": {
                    "sensitive": false,
                    "type": "string",
                    "value": "consul-example"
                },
                "iam_role_arn": {
                    "sensitive": false,
                    "type": "string",
                    "value": "arn:aws:iam::885799518700:role/consul-example-server20180328214416827700000001"
                },
                "iam_role_id": {
                    "sensitive": false,
                    "type": "string",
                    "value": "consul-example-server20180328214416827700000001"
                },
                "launch_config_name": {
                    "sensitive": false,
                    "type": "string",
                    "value": "consul-example-server-2018032821442807080000000b"
                },
                "security_group_id": {
                    "sensitive": false,
                    "type": "string",
                    "value": "sg-79c4fa0f"
                }
            },
            "resources": {
                "aws_autoscaling_group.autoscaling_group": {
                    "type": "aws_autoscaling_group",
                    "depends_on": [
                        "aws_launch_configuration.launch_configuration"
                    ],
                    "primary": {
                        "id": "tf-asg-2018032821445098710000000e",
                        "attributes": {
                            "arn": "arn:aws:autoscaling:us-east-1:885799518700:autoScalingGroup:c1b94807-64ff-4330-8ea3-9a788b59a0d3:autoScalingGroupName/tf-asg-2018032821445098710000000e",
                            "availability_zones.#": "6",
                            "availability_zones.1252502072": "us-east-1f",
                            "availability_zones.1305112097": "us-east-1b",
                            "availability_zones.2762590996": "us-east-1d",
                            "availability_zones.3551460226": "us-east-1e",
                            "availability_zones.3569565595": "us-east-1a",
                            "availability_zones.986537655": "us-east-1c",
                            "default_cooldown": "300",
                            "desired_capacity": "3",
                            "force_delete": "false",
                            "health_check_grace_period": "300",
                            "health_check_type": "EC2",
                            "id": "tf-asg-2018032821445098710000000e",
                            "launch_configuration": "consul-example-server-2018032821442807080000000b",
                            "load_balancers.#": "0",
                            "max_size": "3",
                            "metrics_granularity": "1Minute",
                            "min_size": "3",
                            "name": "tf-asg-2018032821445098710000000e",
                            "placement_group": "",
                            "protect_from_scale_in": "false",
                            "service_linked_role_arn": "arn:aws:iam::885799518700:role/aws-service-role/autoscaling.amazonaws.com/AWSServiceRoleForAutoScaling",
                            "suspended_processes.#": "0",
                            "tag.#": "2",
                            "tag.410763458.key": "Name",
                            "tag.410763458.propagate_at_launch": "true",
                            "tag.410763458.value": "consul-example-server",
                            "tag.812133174.key": "consul-servers",
                            "tag.812133174.propagate_at_launch": "true",
                            "tag.812133174.value": "consul-example",
                            "target_group_arns.#": "0",
                            "termination_policies.#": "1",
                            "termination_policies.0": "Default",
                            "vpc_zone_identifier.#": "6",
                            "vpc_zone_identifier.1559054723": "subnet-5bd8ed03",
                            "vpc_zone_identifier.17247810": "subnet-9ba4c497",
                            "vpc_zone_identifier.1903168136": "subnet-ff5d77d5",
                            "vpc_zone_identifier.2188355217": "subnet-6fd4a00a",
                            "vpc_zone_identifier.2628142429": "subnet-e42121d9",
                            "vpc_zone_identifier.3779792147": "subnet-df4953a9",
                            "wait_for_capacity_timeout": "10m"
                        },
                        "meta": {
                            "e2bfb730-ecaa-11e6-8f88-34363bc7c4c0": {
                                "delete": 600000000000
                            }
                        },
                        "tainted": false
                    },
                    "deposed": [],
                    "provider": "provider.aws"
                },
                "aws_iam_instance_profile.instance_profile": {
                    "type": "aws_iam_instance_profile",
                    "depends_on": [
                        "aws_iam_role.instance_role"
                    ],
                    "primary": {
                        "id": "consul-example-server20180328214419142700000009",
                        "attributes": {
                            "arn": "arn:aws:iam::885799518700:instance-profile/consul-example-server20180328214419142700000009",
                            "id": "consul-example-server20180328214419142700000009",
                            "name": "consul-example-server20180328214419142700000009",
                            "name_prefix": "consul-example-server",
                            "path": "/",
                            "role": "consul-example-server20180328214416827700000001",
                            "roles.#": "0",
                            "unique_id": "AIPAI3DWX54LATDDQWY5G"
                        },
                        "meta": {},
                        "tainted": false
                    },
                    "deposed": [],
                    "provider": "provider.aws"
                },
                "aws_iam_role.instance_role": {
                    "type": "aws_iam_role",
                    "depends_on": [
                        "data.aws_iam_policy_document.instance_role"
                    ],
                    "primary": {
                        "id": "consul-example-server20180328214416827700000001",
                        "attributes": {
                            "arn": "arn:aws:iam::885799518700:role/consul-example-server20180328214416827700000001",
                            "assume_role_policy": "{\"Version\":\"2012-10-17\",\"Statement\":[{\"Sid\":\"\",\"Effect\":\"Allow\",\"Principal\":{\"Service\":\"ec2.amazonaws.com\"},\"Action\":\"sts:AssumeRole\"}]}",
                            "create_date": "2018-03-28T21:44:17Z",
                            "force_detach_policies": "false",
                            "id": "consul-example-server20180328214416827700000001",
                            "name": "consul-example-server20180328214416827700000001",
                            "name_prefix": "consul-example-server",
                            "path": "/",
                            "unique_id": "AROAJL3GBM3MCKO4WXIQO"
                        },
                        "meta": {},
                        "tainted": false
                    },
                    "deposed": [],
                    "provider": "provider.aws"
                },
                "aws_launch_configuration.launch_configuration": {
                    "type": "aws_launch_configuration",
                    "depends_on": [
                        "aws_iam_instance_profile.instance_profile",
                        "aws_security_group.lc_security_group"
                    ],
                    "primary": {
                        "id": "consul-example-server-2018032821442807080000000b",
                        "attributes": {
                            "associate_public_ip_address": "false",
                            "ebs_block_device.#": "0",
                            "ebs_optimized": "false",
                            "enable_monitoring": "true",
                            "ephemeral_block_device.#": "0",
                            "iam_instance_profile": "consul-example-server20180328214419142700000009",
                            "id": "consul-example-server-2018032821442807080000000b",
                            "image_id": "ami-7370a80e",
                            "instance_type": "t2.micro",
                            "key_name": "vaultkeypair",
                            "name": "consul-example-server-2018032821442807080000000b",
                            "name_prefix": "consul-example-server-",
                            "placement_tenancy": "default",
                            "root_block_device.#": "1",
                            "root_block_device.0.delete_on_termination": "true",
                            "root_block_device.0.iops": "0",
                            "root_block_device.0.volume_size": "50",
                            "root_block_device.0.volume_type": "standard",
                            "security_groups.#": "1",
                            "security_groups.138403298": "sg-79c4fa0f",
                            "spot_price": "",
                            "user_data": "f7c89a1af42e402d763fede272558464c0c33d18",
                            "vpc_classic_link_id": "",
                            "vpc_classic_link_security_groups.#": "0"
                        },
                        "meta": {},
                        "tainted": false
                    },
                    "deposed": [],
                    "provider": "provider.aws"
                },
                "aws_security_group.lc_security_group": {
                    "type": "aws_security_group",
                    "depends_on": [],
                    "primary": {
                        "id": "sg-79c4fa0f",
                        "attributes": {
                            "arn": "arn:aws:ec2:us-east-1:885799518700:security-group/sg-79c4fa0f",
                            "description": "Security group for the consul-example-server launch configuration",
                            "egress.#": "0",
                            "id": "sg-79c4fa0f",
                            "ingress.#": "0",
                            "name": "consul-example-server20180328214416827800000005",
                            "name_prefix": "consul-example-server",
                            "owner_id": "885799518700",
                            "revoke_rules_on_delete": "false",
                            "tags.%": "0",
                            "vpc_id": "vpc-49c3562e"
                        },
                        "meta": {
                            "e2bfb730-ecaa-11e6-8f88-34363bc7c4c0": {
                                "create": 600000000000,
                                "delete": 600000000000
                            },
                            "schema_version": "1"
                        },
                        "tainted": false
                    },
                    "deposed": [],
                    "provider": "provider.aws"
                },
                "aws_security_group_rule.allow_all_outbound": {
                    "type": "aws_security_group_rule",
                    "depends_on": [
                        "aws_security_group.lc_security_group"
                    ],
                    "primary": {
                        "id": "sgrule-2778940594",
                        "attributes": {
                            "cidr_blocks.#": "1",
                            "cidr_blocks.0": "0.0.0.0/0",
                            "from_port": "0",
                            "id": "sgrule-2778940594",
                            "protocol": "-1",
                            "security_group_id": "sg-79c4fa0f",
                            "self": "false",
                            "to_port": "0",
                            "type": "egress"
                        },
                        "meta": {
                            "schema_version": "2"
                        },
                        "tainted": false
                    },
                    "deposed": [],
                    "provider": "provider.aws"
                },
                "aws_security_group_rule.allow_ssh_inbound": {
                    "type": "aws_security_group_rule",
                    "depends_on": [
                        "aws_security_group.lc_security_group"
                    ],
                    "primary": {
                        "id": "sgrule-1318185624",
                        "attributes": {
                            "cidr_blocks.#": "1",
                            "cidr_blocks.0": "0.0.0.0/0",
                            "from_port": "22",
                            "id": "sgrule-1318185624",
                            "protocol": "tcp",
                            "security_group_id": "sg-79c4fa0f",
                            "self": "false",
                            "to_port": "22",
                            "type": "ingress"
                        },
                        "meta": {
                            "schema_version": "2"
                        },
                        "tainted": false
                    },
                    "deposed": [],
                    "provider": "provider.aws"
                },
                "data.aws_iam_policy_document.instance_role": {
                    "type": "aws_iam_policy_document",
                    "depends_on": [],
                    "primary": {
                        "id": "1903849331",
                        "attributes": {
                            "id": "1903849331",
                            "json": "{\n  \"Version\": \"2012-10-17\",\n  \"Statement\": [\n    {\n      \"Sid\": \"\",\n      \"Effect\": \"Allow\",\n      \"Action\": \"sts:AssumeRole\",\n      \"Principal\": {\n        \"Service\": \"ec2.amazonaws.com\"\n      }\n    }\n  ]\n}",
                            "statement.#": "1",
                            "statement.0.actions.#": "1",
                            "statement.0.actions.2528466339": "sts:AssumeRole",
                            "statement.0.condition.#": "0",
                            "statement.0.effect": "Allow",
                            "statement.0.not_actions.#": "0",
                            "statement.0.not_principals.#": "0",
                            "statement.0.not_resources.#": "0",
                            "statement.0.principals.#": "1",
                            "statement.0.principals.1134724139.identifiers.#": "1",
                            "statement.0.principals.1134724139.identifiers.3655884555": "ec2.amazonaws.com",
                            "statement.0.principals.1134724139.type": "Service",
                            "statement.0.resources.#": "0",
                            "statement.0.sid": ""
                        },
                        "meta": {},
                        "tainted": false
                    },
                    "deposed": [],
                    "provider": "provider.aws"
                }
            },
            "depends_on": []
        },
        {
            "path": [
                "root",
                "nomad_clients"
            ],
            "outputs": {
                "asg_name": {
                    "sensitive": false,
                    "type": "string",
                    "value": "tf-asg-2018032821444785950000000c"
                },
                "cluster_size": {
                    "sensitive": false,
                    "type": "string",
                    "value": "6"
                },
                "cluster_tag_key": {
                    "sensitive": false,
                    "type": "string",
                    "value": "nomad-servers"
                },
                "cluster_tag_value": {
                    "sensitive": false,
                    "type": "string",
                    "value": "nomad-example-client"
                },
                "iam_role_arn": {
                    "sensitive": false,
                    "type": "string",
                    "value": "arn:aws:iam::885799518700:role/nomad-example-client20180328214416827700000002"
                },
                "iam_role_id": {
                    "sensitive": false,
                    "type": "string",
                    "value": "nomad-example-client20180328214416827700000002"
                },
                "launch_config_name": {
                    "sensitive": false,
                    "type": "string",
                    "value": "nomad-example-client-2018032821442759310000000a"
                },
                "security_group_id": {
                    "sensitive": false,
                    "type": "string",
                    "value": "sg-9ec1ffe8"
                }
            },
            "resources": {
                "aws_autoscaling_group.autoscaling_group": {
                    "type": "aws_autoscaling_group",
                    "depends_on": [
                        "aws_launch_configuration.launch_configuration"
                    ],
                    "primary": {
                        "id": "tf-asg-2018032821444785950000000c",
                        "attributes": {
                            "arn": "arn:aws:autoscaling:us-east-1:885799518700:autoScalingGroup:09eb8c6f-58f0-4925-bad7-c8542b090018:autoScalingGroupName/tf-asg-2018032821444785950000000c",
                            "availability_zones.#": "6",
                            "availability_zones.1252502072": "us-east-1f",
                            "availability_zones.1305112097": "us-east-1b",
                            "availability_zones.2762590996": "us-east-1d",
                            "availability_zones.3551460226": "us-east-1e",
                            "availability_zones.3569565595": "us-east-1a",
                            "availability_zones.986537655": "us-east-1c",
                            "default_cooldown": "300",
                            "desired_capacity": "6",
                            "force_delete": "false",
                            "health_check_grace_period": "300",
                            "health_check_type": "EC2",
                            "id": "tf-asg-2018032821444785950000000c",
                            "launch_configuration": "nomad-example-client-2018032821442759310000000a",
                            "load_balancers.#": "0",
                            "max_size": "6",
                            "metrics_granularity": "1Minute",
                            "min_size": "6",
                            "name": "tf-asg-2018032821444785950000000c",
                            "placement_group": "",
                            "protect_from_scale_in": "false",
                            "service_linked_role_arn": "arn:aws:iam::885799518700:role/aws-service-role/autoscaling.amazonaws.com/AWSServiceRoleForAutoScaling",
                            "suspended_processes.#": "0",
                            "tags.#": "2",
                            "tags.0.%": "3",
                            "tags.0.key": "Name",
                            "tags.0.propagate_at_launch": "1",
                            "tags.0.value": "nomad-example-client",
                            "tags.1.%": "3",
                            "tags.1.key": "nomad-servers",
                            "tags.1.propagate_at_launch": "1",
                            "tags.1.value": "auto-join",
                            "target_group_arns.#": "0",
                            "termination_policies.#": "1",
                            "termination_policies.0": "Default",
                            "vpc_zone_identifier.#": "6",
                            "vpc_zone_identifier.1559054723": "subnet-5bd8ed03",
                            "vpc_zone_identifier.17247810": "subnet-9ba4c497",
                            "vpc_zone_identifier.1903168136": "subnet-ff5d77d5",
                            "vpc_zone_identifier.2188355217": "subnet-6fd4a00a",
                            "vpc_zone_identifier.2628142429": "subnet-e42121d9",
                            "vpc_zone_identifier.3779792147": "subnet-df4953a9",
                            "wait_for_capacity_timeout": "10m"
                        },
                        "meta": {
                            "e2bfb730-ecaa-11e6-8f88-34363bc7c4c0": {
                                "delete": 600000000000
                            }
                        },
                        "tainted": false
                    },
                    "deposed": [],
                    "provider": "provider.aws"
                },
                "aws_iam_instance_profile.instance_profile": {
                    "type": "aws_iam_instance_profile",
                    "depends_on": [
                        "aws_iam_role.instance_role"
                    ],
                    "primary": {
                        "id": "nomad-example-client20180328214419106800000007",
                        "attributes": {
                            "arn": "arn:aws:iam::885799518700:instance-profile/nomad-example-client20180328214419106800000007",
                            "id": "nomad-example-client20180328214419106800000007",
                            "name": "nomad-example-client20180328214419106800000007",
                            "name_prefix": "nomad-example-client",
                            "path": "/",
                            "role": "nomad-example-client20180328214416827700000002",
                            "roles.#": "0",
                            "unique_id": "AIPAJGSY7LRR4POR4FIFC"
                        },
                        "meta": {},
                        "tainted": false
                    },
                    "deposed": [],
                    "provider": "provider.aws"
                },
                "aws_iam_role.instance_role": {
                    "type": "aws_iam_role",
                    "depends_on": [
                        "data.aws_iam_policy_document.instance_role"
                    ],
                    "primary": {
                        "id": "nomad-example-client20180328214416827700000002",
                        "attributes": {
                            "arn": "arn:aws:iam::885799518700:role/nomad-example-client20180328214416827700000002",
                            "assume_role_policy": "{\"Version\":\"2012-10-17\",\"Statement\":[{\"Sid\":\"\",\"Effect\":\"Allow\",\"Principal\":{\"Service\":\"ec2.amazonaws.com\"},\"Action\":\"sts:AssumeRole\"}]}",
                            "create_date": "2018-03-28T21:44:17Z",
                            "force_detach_policies": "false",
                            "id": "nomad-example-client20180328214416827700000002",
                            "name": "nomad-example-client20180328214416827700000002",
                            "name_prefix": "nomad-example-client",
                            "path": "/",
                            "unique_id": "AROAJWCURUW6I3XWZIHGW"
                        },
                        "meta": {},
                        "tainted": false
                    },
                    "deposed": [],
                    "provider": "provider.aws"
                },
                "aws_launch_configuration.launch_configuration": {
                    "type": "aws_launch_configuration",
                    "depends_on": [
                        "aws_iam_instance_profile.instance_profile",
                        "aws_security_group.lc_security_group"
                    ],
                    "primary": {
                        "id": "nomad-example-client-2018032821442759310000000a",
                        "attributes": {
                            "associate_public_ip_address": "false",
                            "ebs_block_device.#": "0",
                            "ebs_optimized": "false",
                            "enable_monitoring": "true",
                            "ephemeral_block_device.#": "0",
                            "iam_instance_profile": "nomad-example-client20180328214419106800000007",
                            "id": "nomad-example-client-2018032821442759310000000a",
                            "image_id": "ami-7370a80e",
                            "instance_type": "t2.micro",
                            "key_name": "vaultkeypair",
                            "name": "nomad-example-client-2018032821442759310000000a",
                            "name_prefix": "nomad-example-client-",
                            "placement_tenancy": "default",
                            "root_block_device.#": "1",
                            "root_block_device.0.delete_on_termination": "true",
                            "root_block_device.0.iops": "0",
                            "root_block_device.0.volume_size": "50",
                            "root_block_device.0.volume_type": "standard",
                            "security_groups.#": "1",
                            "security_groups.2138046468": "sg-9ec1ffe8",
                            "spot_price": "",
                            "user_data": "dfeded0254b0abc47c9d8b4152cea724e14a2d4d",
                            "vpc_classic_link_id": "",
                            "vpc_classic_link_security_groups.#": "0"
                        },
                        "meta": {},
                        "tainted": false
                    },
                    "deposed": [],
                    "provider": "provider.aws"
                },
                "aws_security_group.lc_security_group": {
                    "type": "aws_security_group",
                    "depends_on": [],
                    "primary": {
                        "id": "sg-9ec1ffe8",
                        "attributes": {
                            "arn": "arn:aws:ec2:us-east-1:885799518700:security-group/sg-9ec1ffe8",
                            "description": "Security group for the nomad-example-client launch configuration",
                            "egress.#": "0",
                            "id": "sg-9ec1ffe8",
                            "ingress.#": "0",
                            "name": "nomad-example-client20180328214416827900000006",
                            "name_prefix": "nomad-example-client",
                            "owner_id": "885799518700",
                            "revoke_rules_on_delete": "false",
                            "tags.%": "0",
                            "vpc_id": "vpc-49c3562e"
                        },
                        "meta": {
                            "e2bfb730-ecaa-11e6-8f88-34363bc7c4c0": {
                                "create": 600000000000,
                                "delete": 600000000000
                            },
                            "schema_version": "1"
                        },
                        "tainted": false
                    },
                    "deposed": [],
                    "provider": "provider.aws"
                },
                "aws_security_group_rule.allow_all_outbound": {
                    "type": "aws_security_group_rule",
                    "depends_on": [
                        "aws_security_group.lc_security_group"
                    ],
                    "primary": {
                        "id": "sgrule-743120262",
                        "attributes": {
                            "cidr_blocks.#": "1",
                            "cidr_blocks.0": "0.0.0.0/0",
                            "from_port": "0",
                            "id": "sgrule-743120262",
                            "protocol": "-1",
                            "security_group_id": "sg-9ec1ffe8",
                            "self": "false",
                            "to_port": "0",
                            "type": "egress"
                        },
                        "meta": {
                            "schema_version": "2"
                        },
                        "tainted": false
                    },
                    "deposed": [],
                    "provider": "provider.aws"
                },
                "aws_security_group_rule.allow_ssh_inbound": {
                    "type": "aws_security_group_rule",
                    "depends_on": [
                        "aws_security_group.lc_security_group"
                    ],
                    "primary": {
                        "id": "sgrule-3216658551",
                        "attributes": {
                            "cidr_blocks.#": "1",
                            "cidr_blocks.0": "0.0.0.0/0",
                            "from_port": "22",
                            "id": "sgrule-3216658551",
                            "protocol": "tcp",
                            "security_group_id": "sg-9ec1ffe8",
                            "self": "false",
                            "to_port": "22",
                            "type": "ingress"
                        },
                        "meta": {
                            "schema_version": "2"
                        },
                        "tainted": false
                    },
                    "deposed": [],
                    "provider": "provider.aws"
                },
                "data.aws_iam_policy_document.instance_role": {
                    "type": "aws_iam_policy_document",
                    "depends_on": [],
                    "primary": {
                        "id": "1903849331",
                        "attributes": {
                            "id": "1903849331",
                            "json": "{\n  \"Version\": \"2012-10-17\",\n  \"Statement\": [\n    {\n      \"Sid\": \"\",\n      \"Effect\": \"Allow\",\n      \"Action\": \"sts:AssumeRole\",\n      \"Principal\": {\n        \"Service\": \"ec2.amazonaws.com\"\n      }\n    }\n  ]\n}",
                            "statement.#": "1",
                            "statement.0.actions.#": "1",
                            "statement.0.actions.2528466339": "sts:AssumeRole",
                            "statement.0.condition.#": "0",
                            "statement.0.effect": "Allow",
                            "statement.0.not_actions.#": "0",
                            "statement.0.not_principals.#": "0",
                            "statement.0.not_resources.#": "0",
                            "statement.0.principals.#": "1",
                            "statement.0.principals.1134724139.identifiers.#": "1",
                            "statement.0.principals.1134724139.identifiers.3655884555": "ec2.amazonaws.com",
                            "statement.0.principals.1134724139.type": "Service",
                            "statement.0.resources.#": "0",
                            "statement.0.sid": ""
                        },
                        "meta": {},
                        "tainted": false
                    },
                    "deposed": [],
                    "provider": "provider.aws"
                }
            },
            "depends_on": []
        },
        {
            "path": [
                "root",
                "nomad_servers"
            ],
            "outputs": {
                "asg_name": {
                    "sensitive": false,
                    "type": "string",
                    "value": "tf-asg-2018032821445520940000000f"
                },
                "cluster_size": {
                    "sensitive": false,
                    "type": "string",
                    "value": "3"
                },
                "cluster_tag_key": {
                    "sensitive": false,
                    "type": "string",
                    "value": "nomad-servers"
                },
                "cluster_tag_value": {
                    "sensitive": false,
                    "type": "string",
                    "value": "nomad-example-server"
                },
                "iam_role_arn": {
                    "sensitive": false,
                    "type": "string",
                    "value": "arn:aws:iam::885799518700:role/nomad-example-server20180328214416827700000003"
                },
                "iam_role_id": {
                    "sensitive": false,
                    "type": "string",
                    "value": "nomad-example-server20180328214416827700000003"
                },
                "launch_config_name": {
                    "sensitive": false,
                    "type": "string",
                    "value": "nomad-example-server-2018032821444972950000000d"
                },
                "security_group_id": {
                    "sensitive": false,
                    "type": "string",
                    "value": "sg-fbba848d"
                }
            },
            "resources": {
                "aws_autoscaling_group.autoscaling_group": {
                    "type": "aws_autoscaling_group",
                    "depends_on": [
                        "aws_launch_configuration.launch_configuration"
                    ],
                    "primary": {
                        "id": "tf-asg-2018032821445520940000000f",
                        "attributes": {
                            "arn": "arn:aws:autoscaling:us-east-1:885799518700:autoScalingGroup:dfd41ba3-0587-4345-b0fc-339efae2ea78:autoScalingGroupName/tf-asg-2018032821445520940000000f",
                            "availability_zones.#": "6",
                            "availability_zones.1252502072": "us-east-1f",
                            "availability_zones.1305112097": "us-east-1b",
                            "availability_zones.2762590996": "us-east-1d",
                            "availability_zones.3551460226": "us-east-1e",
                            "availability_zones.3569565595": "us-east-1a",
                            "availability_zones.986537655": "us-east-1c",
                            "default_cooldown": "300",
                            "desired_capacity": "3",
                            "force_delete": "false",
                            "health_check_grace_period": "300",
                            "health_check_type": "EC2",
                            "id": "tf-asg-2018032821445520940000000f",
                            "launch_configuration": "nomad-example-server-2018032821444972950000000d",
                            "load_balancers.#": "0",
                            "max_size": "3",
                            "metrics_granularity": "1Minute",
                            "min_size": "3",
                            "name": "tf-asg-2018032821445520940000000f",
                            "placement_group": "",
                            "protect_from_scale_in": "false",
                            "service_linked_role_arn": "arn:aws:iam::885799518700:role/aws-service-role/autoscaling.amazonaws.com/AWSServiceRoleForAutoScaling",
                            "suspended_processes.#": "0",
                            "tags.#": "2",
                            "tags.0.%": "3",
                            "tags.0.key": "Name",
                            "tags.0.propagate_at_launch": "1",
                            "tags.0.value": "nomad-example-server",
                            "tags.1.%": "3",
                            "tags.1.key": "nomad-servers",
                            "tags.1.propagate_at_launch": "1",
                            "tags.1.value": "auto-join",
                            "target_group_arns.#": "0",
                            "termination_policies.#": "1",
                            "termination_policies.0": "Default",
                            "vpc_zone_identifier.#": "6",
                            "vpc_zone_identifier.1559054723": "subnet-5bd8ed03",
                            "vpc_zone_identifier.17247810": "subnet-9ba4c497",
                            "vpc_zone_identifier.1903168136": "subnet-ff5d77d5",
                            "vpc_zone_identifier.2188355217": "subnet-6fd4a00a",
                            "vpc_zone_identifier.2628142429": "subnet-e42121d9",
                            "vpc_zone_identifier.3779792147": "subnet-df4953a9",
                            "wait_for_capacity_timeout": "10m"
                        },
                        "meta": {
                            "e2bfb730-ecaa-11e6-8f88-34363bc7c4c0": {
                                "delete": 600000000000
                            }
                        },
                        "tainted": false
                    },
                    "deposed": [],
                    "provider": "provider.aws"
                },
                "aws_iam_instance_profile.instance_profile": {
                    "type": "aws_iam_instance_profile",
                    "depends_on": [
                        "aws_iam_role.instance_role"
                    ],
                    "primary": {
                        "id": "nomad-example-server20180328214419121300000008",
                        "attributes": {
                            "arn": "arn:aws:iam::885799518700:instance-profile/nomad-example-server20180328214419121300000008",
                            "id": "nomad-example-server20180328214419121300000008",
                            "name": "nomad-example-server20180328214419121300000008",
                            "name_prefix": "nomad-example-server",
                            "path": "/",
                            "role": "nomad-example-server20180328214416827700000003",
                            "roles.#": "0",
                            "unique_id": "AIPAIULSWD23VWH43XALQ"
                        },
                        "meta": {},
                        "tainted": false
                    },
                    "deposed": [],
                    "provider": "provider.aws"
                },
                "aws_iam_role.instance_role": {
                    "type": "aws_iam_role",
                    "depends_on": [
                        "data.aws_iam_policy_document.instance_role"
                    ],
                    "primary": {
                        "id": "nomad-example-server20180328214416827700000003",
                        "attributes": {
                            "arn": "arn:aws:iam::885799518700:role/nomad-example-server20180328214416827700000003",
                            "assume_role_policy": "{\"Version\":\"2012-10-17\",\"Statement\":[{\"Sid\":\"\",\"Effect\":\"Allow\",\"Principal\":{\"Service\":\"ec2.amazonaws.com\"},\"Action\":\"sts:AssumeRole\"}]}",
                            "create_date": "2018-03-28T21:44:17Z",
                            "force_detach_policies": "false",
                            "id": "nomad-example-server20180328214416827700000003",
                            "name": "nomad-example-server20180328214416827700000003",
                            "name_prefix": "nomad-example-server",
                            "path": "/",
                            "unique_id": "AROAIB6LWCQOUOWKTYFB2"
                        },
                        "meta": {},
                        "tainted": false
                    },
                    "deposed": [],
                    "provider": "provider.aws"
                },
                "aws_launch_configuration.launch_configuration": {
                    "type": "aws_launch_configuration",
                    "depends_on": [
                        "aws_iam_instance_profile.instance_profile",
                        "aws_security_group.lc_security_group"
                    ],
                    "primary": {
                        "id": "nomad-example-server-2018032821444972950000000d",
                        "attributes": {
                            "associate_public_ip_address": "false",
                            "ebs_block_device.#": "0",
                            "ebs_optimized": "false",
                            "enable_monitoring": "true",
                            "ephemeral_block_device.#": "0",
                            "iam_instance_profile": "nomad-example-server20180328214419121300000008",
                            "id": "nomad-example-server-2018032821444972950000000d",
                            "image_id": "ami-7370a80e",
                            "instance_type": "t2.micro",
                            "key_name": "vaultkeypair",
                            "name": "nomad-example-server-2018032821444972950000000d",
                            "name_prefix": "nomad-example-server-",
                            "placement_tenancy": "default",
                            "root_block_device.#": "1",
                            "root_block_device.0.delete_on_termination": "true",
                            "root_block_device.0.iops": "0",
                            "root_block_device.0.volume_size": "50",
                            "root_block_device.0.volume_type": "standard",
                            "security_groups.#": "1",
                            "security_groups.3971776263": "sg-fbba848d",
                            "spot_price": "",
                            "user_data": "976c08a36e546002908df0960795eee61e5be0ce",
                            "vpc_classic_link_id": "",
                            "vpc_classic_link_security_groups.#": "0"
                        },
                        "meta": {},
                        "tainted": false
                    },
                    "deposed": [],
                    "provider": "provider.aws"
                },
                "aws_security_group.lc_security_group": {
                    "type": "aws_security_group",
                    "depends_on": [],
                    "primary": {
                        "id": "sg-fbba848d",
                        "attributes": {
                            "arn": "arn:aws:ec2:us-east-1:885799518700:security-group/sg-fbba848d",
                            "description": "Security group for the nomad-example-server launch configuration",
                            "egress.#": "0",
                            "id": "sg-fbba848d",
                            "ingress.#": "0",
                            "name": "nomad-example-server20180328214416827800000004",
                            "name_prefix": "nomad-example-server",
                            "owner_id": "885799518700",
                            "revoke_rules_on_delete": "false",
                            "tags.%": "0",
                            "vpc_id": "vpc-49c3562e"
                        },
                        "meta": {
                            "e2bfb730-ecaa-11e6-8f88-34363bc7c4c0": {
                                "create": 600000000000,
                                "delete": 600000000000
                            },
                            "schema_version": "1"
                        },
                        "tainted": false
                    },
                    "deposed": [],
                    "provider": "provider.aws"
                },
                "aws_security_group_rule.allow_all_outbound": {
                    "type": "aws_security_group_rule",
                    "depends_on": [
                        "aws_security_group.lc_security_group"
                    ],
                    "primary": {
                        "id": "sgrule-3113678744",
                        "attributes": {
                            "cidr_blocks.#": "1",
                            "cidr_blocks.0": "0.0.0.0/0",
                            "from_port": "0",
                            "id": "sgrule-3113678744",
                            "protocol": "-1",
                            "security_group_id": "sg-fbba848d",
                            "self": "false",
                            "to_port": "0",
                            "type": "egress"
                        },
                        "meta": {
                            "schema_version": "2"
                        },
                        "tainted": false
                    },
                    "deposed": [],
                    "provider": "provider.aws"
                },
                "aws_security_group_rule.allow_ssh_inbound": {
                    "type": "aws_security_group_rule",
                    "depends_on": [
                        "aws_security_group.lc_security_group"
                    ],
                    "primary": {
                        "id": "sgrule-3323800998",
                        "attributes": {
                            "cidr_blocks.#": "1",
                            "cidr_blocks.0": "0.0.0.0/0",
                            "from_port": "22",
                            "id": "sgrule-3323800998",
                            "protocol": "tcp",
                            "security_group_id": "sg-fbba848d",
                            "self": "false",
                            "to_port": "22",
                            "type": "ingress"
                        },
                        "meta": {
                            "schema_version": "2"
                        },
                        "tainted": false
                    },
                    "deposed": [],
                    "provider": "provider.aws"
                },
                "data.aws_iam_policy_document.instance_role": {
                    "type": "aws_iam_policy_document",
                    "depends_on": [],
                    "primary": {
                        "id": "1903849331",
                        "attributes": {
                            "id": "1903849331",
                            "json": "{\n  \"Version\": \"2012-10-17\",\n  \"Statement\": [\n    {\n      \"Sid\": \"\",\n      \"Effect\": \"Allow\",\n      \"Action\": \"sts:AssumeRole\",\n      \"Principal\": {\n        \"Service\": \"ec2.amazonaws.com\"\n      }\n    }\n  ]\n}",
                            "statement.#": "1",
                            "statement.0.actions.#": "1",
                            "statement.0.actions.2528466339": "sts:AssumeRole",
                            "statement.0.condition.#": "0",
                            "statement.0.effect": "Allow",
                            "statement.0.not_actions.#": "0",
                            "statement.0.not_principals.#": "0",
                            "statement.0.not_resources.#": "0",
                            "statement.0.principals.#": "1",
                            "statement.0.principals.1134724139.identifiers.#": "1",
                            "statement.0.principals.1134724139.identifiers.3655884555": "ec2.amazonaws.com",
                            "statement.0.principals.1134724139.type": "Service",
                            "statement.0.resources.#": "0",
                            "statement.0.sid": ""
                        },
                        "meta": {},
                        "tainted": false
                    },
                    "deposed": [],
                    "provider": "provider.aws"
                }
            },
            "depends_on": []
        },
        {
            "path": [
                "root",
                "consul_servers",
                "iam_policies"
            ],
            "outputs": {},
            "resources": {
                "aws_iam_role_policy.auto_discover_cluster": {
                    "type": "aws_iam_role_policy",
                    "depends_on": [
                        "data.aws_iam_policy_document.auto_discover_cluster"
                    ],
                    "primary": {
                        "id": "consul-example-server20180328214416827700000001:auto-discover-cluster",
                        "attributes": {
                            "id": "consul-example-server20180328214416827700000001:auto-discover-cluster",
                            "name": "auto-discover-cluster",
                            "policy": "{\n  \"Version\": \"2012-10-17\",\n  \"Statement\": [\n    {\n      \"Sid\": \"\",\n      \"Effect\": \"Allow\",\n      \"Action\": [\n        \"ec2:DescribeTags\",\n        \"ec2:DescribeInstances\",\n        \"autoscaling:DescribeAutoScalingGroups\"\n      ],\n      \"Resource\": \"*\"\n    }\n  ]\n}",
                            "role": "consul-example-server20180328214416827700000001"
                        },
                        "meta": {},
                        "tainted": false
                    },
                    "deposed": [],
                    "provider": "provider.aws"
                },
                "data.aws_iam_policy_document.auto_discover_cluster": {
                    "type": "aws_iam_policy_document",
                    "depends_on": [],
                    "primary": {
                        "id": "2069168386",
                        "attributes": {
                            "id": "2069168386",
                            "json": "{\n  \"Version\": \"2012-10-17\",\n  \"Statement\": [\n    {\n      \"Sid\": \"\",\n      \"Effect\": \"Allow\",\n      \"Action\": [\n        \"ec2:DescribeTags\",\n        \"ec2:DescribeInstances\",\n        \"autoscaling:DescribeAutoScalingGroups\"\n      ],\n      \"Resource\": \"*\"\n    }\n  ]\n}",
                            "statement.#": "1",
                            "statement.0.actions.#": "3",
                            "statement.0.actions.1274732150": "autoscaling:DescribeAutoScalingGroups",
                            "statement.0.actions.3466923763": "ec2:DescribeInstances",
                            "statement.0.actions.810672830": "ec2:DescribeTags",
                            "statement.0.condition.#": "0",
                            "statement.0.effect": "Allow",
                            "statement.0.not_actions.#": "0",
                            "statement.0.not_principals.#": "0",
                            "statement.0.not_resources.#": "0",
                            "statement.0.principals.#": "0",
                            "statement.0.resources.#": "1",
                            "statement.0.resources.2679715827": "*",
                            "statement.0.sid": ""
                        },
                        "meta": {},
                        "tainted": false
                    },
                    "deposed": [],
                    "provider": "provider.aws"
                }
            },
            "depends_on": []
        },
        {
            "path": [
                "root",
                "consul_servers",
                "security_group_rules"
            ],
            "outputs": {},
            "resources": {
                "aws_security_group_rule.allow_cli_rpc_inbound": {
                    "type": "aws_security_group_rule",
                    "depends_on": [],
                    "primary": {
                        "id": "sgrule-1481833082",
                        "attributes": {
                            "cidr_blocks.#": "1",
                            "cidr_blocks.0": "0.0.0.0/0",
                            "from_port": "8400",
                            "id": "sgrule-1481833082",
                            "protocol": "tcp",
                            "security_group_id": "sg-79c4fa0f",
                            "self": "false",
                            "to_port": "8400",
                            "type": "ingress"
                        },
                        "meta": {
                            "schema_version": "2"
                        },
                        "tainted": false
                    },
                    "deposed": [],
                    "provider": "provider.aws"
                },
                "aws_security_group_rule.allow_dns_tcp_inbound": {
                    "type": "aws_security_group_rule",
                    "depends_on": [],
                    "primary": {
                        "id": "sgrule-1356292279",
                        "attributes": {
                            "cidr_blocks.#": "1",
                            "cidr_blocks.0": "0.0.0.0/0",
                            "from_port": "8600",
                            "id": "sgrule-1356292279",
                            "protocol": "tcp",
                            "security_group_id": "sg-79c4fa0f",
                            "self": "false",
                            "to_port": "8600",
                            "type": "ingress"
                        },
                        "meta": {
                            "schema_version": "2"
                        },
                        "tainted": false
                    },
                    "deposed": [],
                    "provider": "provider.aws"
                },
                "aws_security_group_rule.allow_dns_udp_inbound": {
                    "type": "aws_security_group_rule",
                    "depends_on": [],
                    "primary": {
                        "id": "sgrule-773358127",
                        "attributes": {
                            "cidr_blocks.#": "1",
                            "cidr_blocks.0": "0.0.0.0/0",
                            "from_port": "8600",
                            "id": "sgrule-773358127",
                            "protocol": "udp",
                            "security_group_id": "sg-79c4fa0f",
                            "self": "false",
                            "to_port": "8600",
                            "type": "ingress"
                        },
                        "meta": {
                            "schema_version": "2"
                        },
                        "tainted": false
                    },
                    "deposed": [],
                    "provider": "provider.aws"
                },
                "aws_security_group_rule.allow_http_api_inbound": {
                    "type": "aws_security_group_rule",
                    "depends_on": [],
                    "primary": {
                        "id": "sgrule-2980623420",
                        "attributes": {
                            "cidr_blocks.#": "1",
                            "cidr_blocks.0": "0.0.0.0/0",
                            "from_port": "8500",
                            "id": "sgrule-2980623420",
                            "protocol": "tcp",
                            "security_group_id": "sg-79c4fa0f",
                            "self": "false",
                            "to_port": "8500",
                            "type": "ingress"
                        },
                        "meta": {
                            "schema_version": "2"
                        },
                        "tainted": false
                    },
                    "deposed": [],
                    "provider": "provider.aws"
                },
                "aws_security_group_rule.allow_serf_lan_tcp_inbound": {
                    "type": "aws_security_group_rule",
                    "depends_on": [],
                    "primary": {
                        "id": "sgrule-1241818984",
                        "attributes": {
                            "cidr_blocks.#": "1",
                            "cidr_blocks.0": "0.0.0.0/0",
                            "from_port": "8301",
                            "id": "sgrule-1241818984",
                            "protocol": "tcp",
                            "security_group_id": "sg-79c4fa0f",
                            "self": "false",
                            "to_port": "8301",
                            "type": "ingress"
                        },
                        "meta": {
                            "schema_version": "2"
                        },
                        "tainted": false
                    },
                    "deposed": [],
                    "provider": "provider.aws"
                },
                "aws_security_group_rule.allow_serf_lan_udp_inbound": {
                    "type": "aws_security_group_rule",
                    "depends_on": [],
                    "primary": {
                        "id": "sgrule-885736944",
                        "attributes": {
                            "cidr_blocks.#": "1",
                            "cidr_blocks.0": "0.0.0.0/0",
                            "from_port": "8301",
                            "id": "sgrule-885736944",
                            "protocol": "udp",
                            "security_group_id": "sg-79c4fa0f",
                            "self": "false",
                            "to_port": "8301",
                            "type": "ingress"
                        },
                        "meta": {
                            "schema_version": "2"
                        },
                        "tainted": false
                    },
                    "deposed": [],
                    "provider": "provider.aws"
                },
                "aws_security_group_rule.allow_serf_wan_tcp_inbound": {
                    "type": "aws_security_group_rule",
                    "depends_on": [],
                    "primary": {
                        "id": "sgrule-3071436076",
                        "attributes": {
                            "cidr_blocks.#": "1",
                            "cidr_blocks.0": "0.0.0.0/0",
                            "from_port": "8302",
                            "id": "sgrule-3071436076",
                            "protocol": "tcp",
                            "security_group_id": "sg-79c4fa0f",
                            "self": "false",
                            "to_port": "8302",
                            "type": "ingress"
                        },
                        "meta": {
                            "schema_version": "2"
                        },
                        "tainted": false
                    },
                    "deposed": [],
                    "provider": "provider.aws"
                },
                "aws_security_group_rule.allow_serf_wan_udp_inbound": {
                    "type": "aws_security_group_rule",
                    "depends_on": [],
                    "primary": {
                        "id": "sgrule-3386738612",
                        "attributes": {
                            "cidr_blocks.#": "1",
                            "cidr_blocks.0": "0.0.0.0/0",
                            "from_port": "8302",
                            "id": "sgrule-3386738612",
                            "protocol": "udp",
                            "security_group_id": "sg-79c4fa0f",
                            "self": "false",
                            "to_port": "8302",
                            "type": "ingress"
                        },
                        "meta": {
                            "schema_version": "2"
                        },
                        "tainted": false
                    },
                    "deposed": [],
                    "provider": "provider.aws"
                },
                "aws_security_group_rule.allow_server_rpc_inbound": {
                    "type": "aws_security_group_rule",
                    "depends_on": [],
                    "primary": {
                        "id": "sgrule-2821069675",
                        "attributes": {
                            "cidr_blocks.#": "1",
                            "cidr_blocks.0": "0.0.0.0/0",
                            "from_port": "8300",
                            "id": "sgrule-2821069675",
                            "protocol": "tcp",
                            "security_group_id": "sg-79c4fa0f",
                            "self": "false",
                            "to_port": "8300",
                            "type": "ingress"
                        },
                        "meta": {
                            "schema_version": "2"
                        },
                        "tainted": false
                    },
                    "deposed": [],
                    "provider": "provider.aws"
                }
            },
            "depends_on": []
        },
        {
            "path": [
                "root",
                "nomad_clients",
                "security_group_rules"
            ],
            "outputs": {},
            "resources": {
                "aws_security_group_rule.allow_http_inbound": {
                    "type": "aws_security_group_rule",
                    "depends_on": [],
                    "primary": {
                        "id": "sgrule-2969018975",
                        "attributes": {
                            "cidr_blocks.#": "1",
                            "cidr_blocks.0": "0.0.0.0/0",
                            "from_port": "4646",
                            "id": "sgrule-2969018975",
                            "protocol": "tcp",
                            "security_group_id": "sg-9ec1ffe8",
                            "self": "false",
                            "to_port": "4646",
                            "type": "ingress"
                        },
                        "meta": {
                            "schema_version": "2"
                        },
                        "tainted": false
                    },
                    "deposed": [],
                    "provider": "provider.aws"
                },
                "aws_security_group_rule.allow_rpc_inbound": {
                    "type": "aws_security_group_rule",
                    "depends_on": [],
                    "primary": {
                        "id": "sgrule-1389698652",
                        "attributes": {
                            "cidr_blocks.#": "1",
                            "cidr_blocks.0": "0.0.0.0/0",
                            "from_port": "4647",
                            "id": "sgrule-1389698652",
                            "protocol": "tcp",
                            "security_group_id": "sg-9ec1ffe8",
                            "self": "false",
                            "to_port": "4647",
                            "type": "ingress"
                        },
                        "meta": {
                            "schema_version": "2"
                        },
                        "tainted": false
                    },
                    "deposed": [],
                    "provider": "provider.aws"
                },
                "aws_security_group_rule.allow_serf_tcp_inbound": {
                    "type": "aws_security_group_rule",
                    "depends_on": [],
                    "primary": {
                        "id": "sgrule-3984251274",
                        "attributes": {
                            "cidr_blocks.#": "1",
                            "cidr_blocks.0": "0.0.0.0/0",
                            "from_port": "4648",
                            "id": "sgrule-3984251274",
                            "protocol": "tcp",
                            "security_group_id": "sg-9ec1ffe8",
                            "self": "false",
                            "to_port": "4648",
                            "type": "ingress"
                        },
                        "meta": {
                            "schema_version": "2"
                        },
                        "tainted": false
                    },
                    "deposed": [],
                    "provider": "provider.aws"
                },
                "aws_security_group_rule.allow_serf_udp_inbound": {
                    "type": "aws_security_group_rule",
                    "depends_on": [],
                    "primary": {
                        "id": "sgrule-2478127890",
                        "attributes": {
                            "cidr_blocks.#": "1",
                            "cidr_blocks.0": "0.0.0.0/0",
                            "from_port": "4648",
                            "id": "sgrule-2478127890",
                            "protocol": "udp",
                            "security_group_id": "sg-9ec1ffe8",
                            "self": "false",
                            "to_port": "4648",
                            "type": "ingress"
                        },
                        "meta": {
                            "schema_version": "2"
                        },
                        "tainted": false
                    },
                    "deposed": [],
                    "provider": "provider.aws"
                }
            },
            "depends_on": []
        },
        {
            "path": [
                "root",
                "nomad_servers",
                "security_group_rules"
            ],
            "outputs": {},
            "resources": {
                "aws_security_group_rule.allow_http_inbound": {
                    "type": "aws_security_group_rule",
                    "depends_on": [],
                    "primary": {
                        "id": "sgrule-3131663382",
                        "attributes": {
                            "cidr_blocks.#": "1",
                            "cidr_blocks.0": "0.0.0.0/0",
                            "from_port": "4646",
                            "id": "sgrule-3131663382",
                            "protocol": "tcp",
                            "security_group_id": "sg-fbba848d",
                            "self": "false",
                            "to_port": "4646",
                            "type": "ingress"
                        },
                        "meta": {
                            "schema_version": "2"
                        },
                        "tainted": false
                    },
                    "deposed": [],
                    "provider": "provider.aws"
                },
                "aws_security_group_rule.allow_rpc_inbound": {
                    "type": "aws_security_group_rule",
                    "depends_on": [],
                    "primary": {
                        "id": "sgrule-1485559829",
                        "attributes": {
                            "cidr_blocks.#": "1",
                            "cidr_blocks.0": "0.0.0.0/0",
                            "from_port": "4647",
                            "id": "sgrule-1485559829",
                            "protocol": "tcp",
                            "security_group_id": "sg-fbba848d",
                            "self": "false",
                            "to_port": "4647",
                            "type": "ingress"
                        },
                        "meta": {
                            "schema_version": "2"
                        },
                        "tainted": false
                    },
                    "deposed": [],
                    "provider": "provider.aws"
                },
                "aws_security_group_rule.allow_serf_tcp_inbound": {
                    "type": "aws_security_group_rule",
                    "depends_on": [],
                    "primary": {
                        "id": "sgrule-3877904323",
                        "attributes": {
                            "cidr_blocks.#": "1",
                            "cidr_blocks.0": "0.0.0.0/0",
                            "from_port": "4648",
                            "id": "sgrule-3877904323",
                            "protocol": "tcp",
                            "security_group_id": "sg-fbba848d",
                            "self": "false",
                            "to_port": "4648",
                            "type": "ingress"
                        },
                        "meta": {
                            "schema_version": "2"
                        },
                        "tainted": false
                    },
                    "deposed": [],
                    "provider": "provider.aws"
                },
                "aws_security_group_rule.allow_serf_udp_inbound": {
                    "type": "aws_security_group_rule",
                    "depends_on": [],
                    "primary": {
                        "id": "sgrule-2582379867",
                        "attributes": {
                            "cidr_blocks.#": "1",
                            "cidr_blocks.0": "0.0.0.0/0",
                            "from_port": "4648",
                            "id": "sgrule-2582379867",
                            "protocol": "udp",
                            "security_group_id": "sg-fbba848d",
                            "self": "false",
                            "to_port": "4648",
                            "type": "ingress"
                        },
                        "meta": {
                            "schema_version": "2"
                        },
                        "tainted": false
                    },
                    "deposed": [],
                    "provider": "provider.aws"
                }
            },
            "depends_on": []
        }
    ]
}
